
Microsoft Visual Studio Solution File, Format Version 12.00
# Visual Studio Version 16
VisualStudioVersion = 16.0.30503.244
MinimumVisualStudioVersion = 10.0.40219.1
Project("{FAE04EC0-301F-11D3-BF4B-00C04F79EFBC}") = "Presentation", "Presentation\Presentation.csproj", "{A7D3E8B3-2A10-47F7-8CB2-A24904C9A787}"
EndProject
Project("{FAE04EC0-301F-11D3-BF4B-00C04F79EFBC}") = "Entities", "Entities\Entities.csproj", "{3E75FB97-7346-4A58-A378-CF0B70ADC8D6}"
EndProject
Project("{FAE04EC0-301F-11D3-BF4B-00C04F79EFBC}") = "DataLayer", "DataLayer\DataLayer.csproj", "{01EC0EDA-AE0E-4B86-B807-5FA37C212A4B}"
EndProject
Project("{FAE04EC0-301F-11D3-BF4B-00C04F79EFBC}") = "BusinessLayer", "BusinessLayer\BusinessLayer.csproj", "{AE3B9391-345C-4FF4-A902-A4E4606FFA9A}"
EndProject
Project("{FAE04EC0-301F-11D3-BF4B-00C04F79EFBC}") = "PresentationConsole", "PresentationConsole\PresentationConsole.csproj", "{CC8107EA-48DA-4364-8974-3F5D4DAA1BFE}"
EndProject
Global
	GlobalSection(SolutionConfigurationPlatforms) = preSolution
		Debug|Any CPU = Debug|Any CPU
		Release|Any CPU = Release|Any CPU
	EndGlobalSection
	GlobalSection(ProjectConfigurationPlatforms) = postSolution
		{A7D3E8B3-2A10-47F7-8CB2-A24904C9A787}.Debug|Any CPU.ActiveCfg = Debug|Any CPU
		{A7D3E8B3-2A10-47F7-8CB2-A24904C9A787}.Debug|Any CPU.Build.0 = Debug|Any CPU
		{A7D3E8B3-2A10-47F7-8CB2-A24904C9A787}.Release|Any CPU.ActiveCfg = Release|Any CPU
		{A7D3E8B3-2A10-47F7-8CB2-A24904C9A787}.Release|Any CPU.Build.0 = Release|Any CPU
		{3E75FB97-7346-4A58-A378-CF0B70ADC8D6}.Debug|Any CPU.ActiveCfg = Debug|Any CPU
		{3E75FB97-7346-4A58-A378-CF0B70ADC8D6}.Debug|Any CPU.Build.0 = Debug|Any CPU
		{3E75FB97-7346-4A58-A378-CF0B70ADC8D6}.Release|Any CPU.ActiveCfg = Release|Any CPU
		{3E75FB97-7346-4A58-A378-CF0B70ADC8D6}.Release|Any CPU.Build.0 = Release|Any CPU
		{01EC0EDA-AE0E-4B86-B807-5FA37C212A4B}.Debug|Any CPU.ActiveCfg = Debug|Any CPU
		{01EC0EDA-AE0E-4B86-B807-5FA37C212A4B}.Debug|Any CPU.Build.0 = Debug|Any CPU
		{01EC0EDA-AE0E-4B86-B807-5FA37C212A4B}.Release|Any CPU.ActiveCfg = Release|Any CPU
		{01EC0EDA-AE0E-4B86-B807-5FA37C212A4B}.Release|Any CPU.Build.0 = Release|Any CPU
		{AE3B9391-345C-4FF4-A902-A4E4606FFA9A}.Debug|Any CPU.ActiveCfg = Debug|Any CPU
		{AE3B9391-345C-4FF4-A902-A4E4606FFA9A}.Debug|Any CPU.Build.0 = Debug|Any CPU
		{AE3B9391-345C-4FF4-A902-A4E4606FFA9A}.Release|Any CPU.ActiveCfg = Release|Any CPU
		{AE3B9391-345C-4FF4-A902-A4E4606FFA9A}.Release|Any CPU.Build.0 = Release|Any CPU
		{CC8107EA-48DA-4364-8974-3F5D4DAA1BFE}.Debug|Any CPU.ActiveCfg = Debug|Any CPU
		{CC8107EA-48DA-4364-8974-3F5D4DAA1BFE}.Debug|Any CPU.Build.0 = Debug|Any CPU
		{CC8107EA-48DA-4364-8974-3F5D4DAA1BFE}.Release|Any CPU.ActiveCfg = Release|Any CPU
		{CC8107EA-48DA-4364-8974-3F5D4DAA1BFE}.Release|Any CPU.Build.0 = Release|Any CPU
	EndGlobalSection
	GlobalSection(SolutionProperties) = preSolution
		HideSolutionNode = FALSE
	EndGlobalSection
	GlobalSection(ExtensibilityGlobals) = postSolution
		SolutionGuid = {12F15FE7-F02C-42CD-AFB7-BB7AC5240B3D}
	EndGlobalSection
EndGlobal
